<Project xmlns="http://schemas.microsoft.com/developer/msbuild/2003">
    <PropertyGroup>
        <ProjectGuid>{5DAFC253-95C1-4B3F-8AB8-3F3251E28613}</ProjectGuid>
        <MainSource>FlickrPhotoAnalyticsLib.dpk</MainSource>
        <ProjectVersion>15.4</ProjectVersion>
        <FrameworkType>VCL</FrameworkType>
        <Base>True</Base>
        <Config Condition="'$(Config)'==''">Debug</Config>
        <Platform Condition="'$(Platform)'==''">Win64</Platform>
        <TargetedPlatforms>3</TargetedPlatforms>
        <AppType>Package</AppType>
    </PropertyGroup>
    <PropertyGroup Condition="'$(Config)'=='Base' or '$(Base)'!=''">
        <Base>true</Base>
    </PropertyGroup>
    <PropertyGroup Condition="('$(Platform)'=='Android' and '$(Base)'=='true') or '$(Base_Android)'!=''">
        <Base_Android>true</Base_Android>
        <CfgParent>Base</CfgParent>
        <Base>true</Base>
    </PropertyGroup>
    <PropertyGroup Condition="('$(Platform)'=='iOSDevice' and '$(Base)'=='true') or '$(Base_iOSDevice)'!=''">
        <Base_iOSDevice>true</Base_iOSDevice>
        <CfgParent>Base</CfgParent>
        <Base>true</Base>
    </PropertyGroup>
    <PropertyGroup Condition="('$(Platform)'=='iOSSimulator' and '$(Base)'=='true') or '$(Base_iOSSimulator)'!=''">
        <Base_iOSSimulator>true</Base_iOSSimulator>
        <CfgParent>Base</CfgParent>
        <Base>true</Base>
    </PropertyGroup>
    <PropertyGroup Condition="('$(Platform)'=='Win32' and '$(Base)'=='true') or '$(Base_Win32)'!=''">
        <Base_Win32>true</Base_Win32>
        <CfgParent>Base</CfgParent>
        <Base>true</Base>
    </PropertyGroup>
    <PropertyGroup Condition="('$(Platform)'=='Win64' and '$(Base)'=='true') or '$(Base_Win64)'!=''">
        <Base_Win64>true</Base_Win64>
        <CfgParent>Base</CfgParent>
        <Base>true</Base>
    </PropertyGroup>
    <PropertyGroup Condition="'$(Config)'=='Debug' or '$(Cfg_1)'!=''">
        <Cfg_1>true</Cfg_1>
        <CfgParent>Base</CfgParent>
        <Base>true</Base>
    </PropertyGroup>
    <PropertyGroup Condition="('$(Platform)'=='Win32' and '$(Cfg_1)'=='true') or '$(Cfg_1_Win32)'!=''">
        <Cfg_1_Win32>true</Cfg_1_Win32>
        <CfgParent>Cfg_1</CfgParent>
        <Cfg_1>true</Cfg_1>
        <Base>true</Base>
    </PropertyGroup>
    <PropertyGroup Condition="('$(Platform)'=='Win64' and '$(Cfg_1)'=='true') or '$(Cfg_1_Win64)'!=''">
        <Cfg_1_Win64>true</Cfg_1_Win64>
        <CfgParent>Cfg_1</CfgParent>
        <Cfg_1>true</Cfg_1>
        <Base>true</Base>
    </PropertyGroup>
    <PropertyGroup Condition="'$(Config)'=='Release' or '$(Cfg_2)'!=''">
        <Cfg_2>true</Cfg_2>
        <CfgParent>Base</CfgParent>
        <Base>true</Base>
    </PropertyGroup>
    <PropertyGroup Condition="'$(Base)'!=''">
        <GenPackage>true</GenPackage>
        <DCC_CBuilderOutput>All</DCC_CBuilderOutput>
        <DCC_Namespace>System;Xml;Data;Datasnap;Web;Soap;Vcl;Vcl.Imaging;Vcl.Touch;Vcl.Samples;Vcl.Shell;$(DCC_Namespace)</DCC_Namespace>
        <SanitizedProjectName>FlickrPhotoAnalyticsLib</SanitizedProjectName>
        <GenDll>true</GenDll>
        <DCC_DcuOutput>.\$(Platform)\$(Config)</DCC_DcuOutput>
        <DCC_ExeOutput>.\$(Platform)\$(Config)</DCC_ExeOutput>
        <DCC_E>false</DCC_E>
        <DCC_N>false</DCC_N>
        <DCC_S>false</DCC_S>
        <DCC_F>false</DCC_F>
        <DCC_K>false</DCC_K>
    </PropertyGroup>
    <PropertyGroup Condition="'$(Base_Android)'!=''">
        <DCC_CBuilderOutput>None</DCC_CBuilderOutput>
    </PropertyGroup>
    <PropertyGroup Condition="'$(Base_iOSDevice)'!=''">
        <DCC_CBuilderOutput>None</DCC_CBuilderOutput>
    </PropertyGroup>
    <PropertyGroup Condition="'$(Base_iOSSimulator)'!=''">
        <DCC_CBuilderOutput>None</DCC_CBuilderOutput>
    </PropertyGroup>
    <PropertyGroup Condition="'$(Base_Win32)'!=''">
        <DCC_Namespace>Winapi;System.Win;Data.Win;Datasnap.Win;Web.Win;Soap.Win;Xml.Win;Bde;$(DCC_Namespace)</DCC_Namespace>
        <VerInfo_Locale>1033</VerInfo_Locale>
        <VerInfo_Keys>CompanyName=;FileDescription=;FileVersion=1.0.0.0;InternalName=;LegalCopyright=;LegalTrademarks=;OriginalFilename=;ProductName=;ProductVersion=1.0.0.0;Comments=</VerInfo_Keys>
        <VerInfo_IncludeVerInfo>true</VerInfo_IncludeVerInfo>
    </PropertyGroup>
    <PropertyGroup Condition="'$(Base_Win64)'!=''">
        <VerInfo_IncludeVerInfo>true</VerInfo_IncludeVerInfo>
        <VerInfo_Locale>1033</VerInfo_Locale>
        <DCC_Namespace>Winapi;System.Win;Data.Win;Datasnap.Win;Web.Win;Soap.Win;Xml.Win;$(DCC_Namespace)</DCC_Namespace>
        <VerInfo_Keys>CompanyName=;FileDescription=;FileVersion=1.0.0.0;InternalName=;LegalCopyright=;LegalTrademarks=;OriginalFilename=;ProductName=;ProductVersion=1.0.0.0;Comments=</VerInfo_Keys>
    </PropertyGroup>
    <PropertyGroup Condition="'$(Cfg_1)'!=''">
        <DCC_Define>DEBUG;$(DCC_Define)</DCC_Define>
        <DCC_DebugDCUs>true</DCC_DebugDCUs>
        <DCC_Optimize>false</DCC_Optimize>
        <DCC_GenerateStackFrames>true</DCC_GenerateStackFrames>
        <DCC_DebugInfoInExe>true</DCC_DebugInfoInExe>
        <DCC_RemoteDebug>true</DCC_RemoteDebug>
    </PropertyGroup>
    <PropertyGroup Condition="'$(Cfg_1_Win32)'!=''">
        <DCC_DcuOutput>dcu\</DCC_DcuOutput>
        <DCC_Description>Flickr Photo Analytics library</DCC_Description>
        <VerInfo_Build>2</VerInfo_Build>
        <VerInfo_Locale>1033</VerInfo_Locale>
        <VerInfo_Keys>CompanyName=Jordi Corbilla;FileDescription=Flickr Photo Stats v4.2;FileVersion=4.0.0.2;InternalName=Flickr Photo Stats v4.2;LegalCopyright=Jordi Corbilla;LegalTrademarks=Flickr Photo Stats v4.2;OriginalFilename=Flickr Photo Stats v4.2;ProductName=Flickr Photo Stats v4.2;ProductVersion=4.0.0.2;Comments=Flickr Photo Stats v4.2</VerInfo_Keys>
        <VerInfo_MajorVer>4</VerInfo_MajorVer>
        <VerInfo_IncludeVerInfo>true</VerInfo_IncludeVerInfo>
        <DCC_RemoteDebug>false</DCC_RemoteDebug>
    </PropertyGroup>
    <PropertyGroup Condition="'$(Cfg_1_Win64)'!=''">
        <DCC_RemoteDebug>false</DCC_RemoteDebug>
        <DCC_Optimize>true</DCC_Optimize>
        <DCC_DcuOutput>dcu\</DCC_DcuOutput>
        <VerInfo_IncludeVerInfo>true</VerInfo_IncludeVerInfo>
        <VerInfo_Locale>1033</VerInfo_Locale>
    </PropertyGroup>
    <PropertyGroup Condition="'$(Cfg_2)'!=''">
        <DCC_LocalDebugSymbols>false</DCC_LocalDebugSymbols>
        <DCC_Define>RELEASE;$(DCC_Define)</DCC_Define>
        <DCC_SymbolReferenceInfo>0</DCC_SymbolReferenceInfo>
        <DCC_DebugInformation>0</DCC_DebugInformation>
    </PropertyGroup>
    <ItemGroup>
        <DelphiCompile Include="$(MainSource)">
            <MainSource>MainSource</MainSource>
        </DelphiCompile>
        <DCCReference Include="rtl.dcp"/>
        <DCCReference Include="xmlrtl.dcp"/>
        <DCCReference Include="vcl.dcp"/>
        <DCCReference Include="inet.dcp"/>
        <DCCReference Include="IndySystem.dcp"/>
        <DCCReference Include="IndyProtocols.dcp"/>
        <DCCReference Include="IndyCore.dcp"/>
        <DCCReference Include="Tee.dcp"/>
        <DCCReference Include="soaprtl.dcp"/>
        <DCCReference Include="flickr.access.token.pas"/>
        <DCCReference Include="flickr.albums.pas"/>
        <DCCReference Include="flickr.base.pas"/>
        <DCCReference Include="flickr.call.methods.pas"/>
        <DCCReference Include="flickr.charts.pas"/>
        <DCCReference Include="flickr.filtered.list.pas"/>
        <DCCReference Include="flickr.globals.pas"/>
        <DCCReference Include="flickr.lib.integerlist.pas"/>
        <DCCReference Include="flickr.lib.parallel.pas"/>
        <DCCReference Include="flickr.oauth.pas"/>
        <DCCReference Include="flickr.photos.pas"/>
        <DCCReference Include="flickr.pools.pas"/>
        <DCCReference Include="flickr.profile.pas"/>
        <DCCReference Include="flickr.profiles.pas"/>
        <DCCReference Include="flickr.rejected.pas"/>
        <DCCReference Include="flickr.repository.pas"/>
        <DCCReference Include="flickr.rest.pas"/>
        <DCCReference Include="flickr.signature.pas"/>
        <DCCReference Include="flickr.stats.pas"/>
        <DCCReference Include="flickr.tendency.pas"/>
        <DCCReference Include="flickr.top.stats.pas"/>
        <DCCReference Include="flickr.url.attributes.pas"/>
        <DCCReference Include="flickr.time.pas"/>
        <DCCReference Include="flickr.lib.logging.pas"/>
        <DCCReference Include="flickr.organic.pas"/>
        <DCCReference Include="flickr.organic.stats.pas"/>
        <DCCReference Include="flickr.lib.response.pas"/>
        <DCCReference Include="flickr.lib.email.pas"/>
        <DCCReference Include="flickr.lib.options.pas"/>
        <DCCReference Include="flickr.lib.email.html.pas"/>
        <DCCReference Include="flickr.lib.options.email.pas"/>
        <DCCReference Include="flickr.lib.encoding.pas"/>
        <DCCReference Include="flickr.lib.utils.pas"/>
        <DCCReference Include="flickr.lib.doublelist.pas"/>
        <DCCReference Include="flickr.pools.list.pas"/>
        <DCCReference Include="flickr.list.comparer.pas"/>
        <DCCReference Include="flickr.photo.trend.info.pas"/>
        <DCCReference Include="flickr.pools.histogram.pas"/>
        <DCCReference Include="flickr.albums.list.pas"/>
        <DCCReference Include="flickr.lib.folder.pas"/>
        <DCCReference Include="flickr.photos.histogram.pas"/>
        <DCCReference Include="flickr.lib.item.pas"/>
        <DCCReference Include="flickr.lib.item.list.pas"/>
        <DCCReference Include="flickr.lib.math.pas"/>
        <DCCReference Include="flickr.lib.backup.pas"/>
        <DCCReference Include="flickr.lib.rates.pas"/>
        <DCCReference Include="flickr.repository.rest.pas"/>
        <DCCReference Include="flickr.xml.helper.pas"/>
        <DCCReference Include="flickr.lib.photos.load.pas"/>
        <DCCReference Include="flickr.lib.parse.pas"/>
        <DCCReference Include="flickr.user.tracking.pas"/>
        <DCCReference Include="flickr.user.faves.pas"/>
        <DCCReference Include="flickr.tracker.pas"/>
        <BuildConfiguration Include="Release">
            <Key>Cfg_2</Key>
            <CfgParent>Base</CfgParent>
        </BuildConfiguration>
        <BuildConfiguration Include="Base">
            <Key>Base</Key>
        </BuildConfiguration>
        <BuildConfiguration Include="Debug">
            <Key>Cfg_1</Key>
            <CfgParent>Base</CfgParent>
        </BuildConfiguration>
    </ItemGroup>
    <ProjectExtensions>
        <Borland.Personality>Delphi.Personality.12</Borland.Personality>
        <Borland.ProjectType>Package</Borland.ProjectType>
        <BorlandProject>
            <Delphi.Personality>
                <Source>
                    <Source Name="MainSource">FlickrPhotoAnalyticsLib.dpk</Source>
                </Source>
                <Excluded_Packages>
                    <Excluded_Packages Name="$(BDSBIN)\dcloffice2k200.bpl">Microsoft Office 2000 Sample Automation Server Wrapper Components</Excluded_Packages>
                    <Excluded_Packages Name="$(BDSBIN)\dclofficexp200.bpl">Microsoft Office XP Sample Automation Server Wrapper Components</Excluded_Packages>
                </Excluded_Packages>
            </Delphi.Personality>
            <Deployment/>
            <Platforms>
                <Platform value="Android">False</Platform>
                <Platform value="iOSDevice">False</Platform>
                <Platform value="iOSSimulator">False</Platform>
                <Platform value="OSX32">False</Platform>
                <Platform value="Win32">True</Platform>
                <Platform value="Win64">True</Platform>
            </Platforms>
        </BorlandProject>
        <ProjectFileVersion>12</ProjectFileVersion>
    </ProjectExtensions>
    <Import Project="$(BDS)\Bin\CodeGear.Delphi.Targets" Condition="Exists('$(BDS)\Bin\CodeGear.Delphi.Targets')"/>
    <Import Project="$(APPDATA)\Embarcadero\$(BDSAPPDATABASEDIR)\$(PRODUCTVERSION)\UserTools.proj" Condition="Exists('$(APPDATA)\Embarcadero\$(BDSAPPDATABASEDIR)\$(PRODUCTVERSION)\UserTools.proj')"/>
</Project>
